{
  "requires": true,
  "lockfileVersion": 1,
  "dependencies": {
    "gup": {
      "version": "1.1.1",
      "resolved": "https://registry.npmjs.org/gup/-/gup-1.1.1.tgz",
      "integrity": "sha1-Q50TjSpxucwS7OYA0YlKetA7650=",
      "requires": {
        "shelljs": "0.3.0"
      }
    },
    "shelljs": {
      "version": "0.3.0",
      "resolved": "https://registry.npmjs.org/shelljs/-/shelljs-0.3.0.tgz",
      "integrity": "sha1-NZbmMHp4FUT1kfN9phg2DzHbV7E="
    }
  }
}
